# This file is autogenerated, do not edit; changes may be undone by the next 'dep ensure'.


[[projects]]
  branch = "master"
  name = "github.com/dustin/go-humanize"
  packages = ["english"]
  revision = "bb3d318650d48840a39aa21a027c6630e198e626"

[solve-meta]
  analyzer-name = "dep"
  analyzer-version = 1
  inputs-digest = "0a6670fbd06d20681f3186236286a8590fde3de80f3e9016ad5a2c7b605fca3f"
  solver-name = "gps-cdcl"
  solver-version = 1
